
Microsoft Visual Studio Solution File, Format Version 12.00
# Visual Studio Version 17
VisualStudioVersion = 17.10.34928.147
MinimumVisualStudioVersion = 10.0.40219.1
Project("{FAE04EC0-301F-11D3-BF4B-00C04F79EFBC}") = "StudentInformationProject", "StudentInformationProject.csproj", "{3408B326-FFD5-4B08-9212-0F95FDEE487C}"
EndProject
Global
	GlobalSection(SolutionConfigurationPlatforms) = preSolution
		Debug|Any CPU = Debug|Any CPU
		Release|Any CPU = Release|Any CPU
	EndGlobalSection
	GlobalSection(ProjectConfigurationPlatforms) = postSolution
		{3408B326-FFD5-4B08-9212-0F95FDEE487C}.Debug|Any CPU.ActiveCfg = Debug|Any CPU
		{3408B326-FFD5-4B08-9212-0F95FDEE487C}.Debug|Any CPU.Build.0 = Debug|Any CPU
		{3408B326-FFD5-4B08-9212-0F95FDEE487C}.Release|Any CPU.ActiveCfg = Release|Any CPU
		{3408B326-FFD5-4B08-9212-0F95FDEE487C}.Release|Any CPU.Build.0 = Release|Any CPU
	EndGlobalSection
	GlobalSection(SolutionProperties) = preSolution
		HideSolutionNode = FALSE
	EndGlobalSection
	GlobalSection(ExtensibilityGlobals) = postSolution
		SolutionGuid = {10C25C6C-8081-4608-B79B-96F6432074A8}
	EndGlobalSection
EndGlobal
